
Microsoft Visual Studio Solution File, Format Version 12.00
# Visual Studio 2012
Project("{FAE04EC0-301F-11D3-BF4B-00C04F79EFBC}") = "Test", "Test\Test.csproj", "{987AF329-EBA1-4070-BA59-A7BC1B10ED58}"
EndProject
Project("{2150E333-8FDC-42A3-9474-1A3956D46DE8}") = "Frameworks", "Frameworks", "{9DACF621-AE5B-488D-97B3-52982FB98B4C}"
EndProject
Project("{2150E333-8FDC-42A3-9474-1A3956D46DE8}") = "Workflows", "Workflows", "{BD3F6732-89D1-486E-A9B8-E2FEF0C94102}"
EndProject
Project("{2150E333-8FDC-42A3-9474-1A3956D46DE8}") = "MatchEngine", "MatchEngine", "{B7C4859D-1545-4D58-BA36-D08D2A6CE087}"
EndProject
Project("{FAE04EC0-301F-11D3-BF4B-00C04F79EFBC}") = "MatchEngine", "Workflows\MatchEngine\MatchEngine.csproj", "{6AE14EF0-3673-45DB-911A-C142A97676DA}"
EndProject
Project("{2150E333-8FDC-42A3-9474-1A3956D46DE8}") = "GraphMatch", "GraphMatch", "{C8AE0FA2-7D66-42E1-88ED-ECA3637BE702}"
EndProject
Project("{FAE04EC0-301F-11D3-BF4B-00C04F79EFBC}") = "GraphMatch", "Frameworks\GraphMatch\GraphMatch.csproj", "{0B93C208-59FC-4F8F-8F4D-C5BDD4ABBEEA}"
EndProject
Project("{2150E333-8FDC-42A3-9474-1A3956D46DE8}") = "MatchConstraints", "MatchConstraints", "{148B4640-EBA0-48A3-9396-6EC02B9F4C13}"
EndProject
Project("{FAE04EC0-301F-11D3-BF4B-00C04F79EFBC}") = "MatchConstraints", "Frameworks\MatchConstraints\MatchConstraints.csproj", "{CC5E7D6A-8483-4ADF-A41C-6C0DF8B76744}"
EndProject
Project("{2150E333-8FDC-42A3-9474-1A3956D46DE8}") = "DocumentMatch", "DocumentMatch", "{4C885B5E-568E-4610-B075-C2539BD98A2A}"
EndProject
Project("{FAE04EC0-301F-11D3-BF4B-00C04F79EFBC}") = "DocumentMatch", "Frameworks\DocumentMatch\DocumentMatch.csproj", "{2312ECB1-420D-4A62-B6FD-413AB7D6BF21}"
EndProject
Global
	GlobalSection(SolutionConfigurationPlatforms) = preSolution
		Debug|Any CPU = Debug|Any CPU
		Release|Any CPU = Release|Any CPU
	EndGlobalSection
	GlobalSection(ProjectConfigurationPlatforms) = postSolution
		{987AF329-EBA1-4070-BA59-A7BC1B10ED58}.Debug|Any CPU.ActiveCfg = Debug|Any CPU
		{987AF329-EBA1-4070-BA59-A7BC1B10ED58}.Debug|Any CPU.Build.0 = Debug|Any CPU
		{987AF329-EBA1-4070-BA59-A7BC1B10ED58}.Release|Any CPU.ActiveCfg = Release|Any CPU
		{987AF329-EBA1-4070-BA59-A7BC1B10ED58}.Release|Any CPU.Build.0 = Release|Any CPU
		{6AE14EF0-3673-45DB-911A-C142A97676DA}.Debug|Any CPU.ActiveCfg = Debug|Any CPU
		{6AE14EF0-3673-45DB-911A-C142A97676DA}.Debug|Any CPU.Build.0 = Debug|Any CPU
		{6AE14EF0-3673-45DB-911A-C142A97676DA}.Release|Any CPU.ActiveCfg = Release|Any CPU
		{6AE14EF0-3673-45DB-911A-C142A97676DA}.Release|Any CPU.Build.0 = Release|Any CPU
		{0B93C208-59FC-4F8F-8F4D-C5BDD4ABBEEA}.Debug|Any CPU.ActiveCfg = Debug|Any CPU
		{0B93C208-59FC-4F8F-8F4D-C5BDD4ABBEEA}.Debug|Any CPU.Build.0 = Debug|Any CPU
		{0B93C208-59FC-4F8F-8F4D-C5BDD4ABBEEA}.Release|Any CPU.ActiveCfg = Release|Any CPU
		{0B93C208-59FC-4F8F-8F4D-C5BDD4ABBEEA}.Release|Any CPU.Build.0 = Release|Any CPU
		{CC5E7D6A-8483-4ADF-A41C-6C0DF8B76744}.Debug|Any CPU.ActiveCfg = Debug|Any CPU
		{CC5E7D6A-8483-4ADF-A41C-6C0DF8B76744}.Debug|Any CPU.Build.0 = Debug|Any CPU
		{CC5E7D6A-8483-4ADF-A41C-6C0DF8B76744}.Release|Any CPU.ActiveCfg = Release|Any CPU
		{CC5E7D6A-8483-4ADF-A41C-6C0DF8B76744}.Release|Any CPU.Build.0 = Release|Any CPU
		{2312ECB1-420D-4A62-B6FD-413AB7D6BF21}.Debug|Any CPU.ActiveCfg = Debug|Any CPU
		{2312ECB1-420D-4A62-B6FD-413AB7D6BF21}.Debug|Any CPU.Build.0 = Debug|Any CPU
		{2312ECB1-420D-4A62-B6FD-413AB7D6BF21}.Release|Any CPU.ActiveCfg = Release|Any CPU
		{2312ECB1-420D-4A62-B6FD-413AB7D6BF21}.Release|Any CPU.Build.0 = Release|Any CPU
	EndGlobalSection
	GlobalSection(SolutionProperties) = preSolution
		HideSolutionNode = FALSE
	EndGlobalSection
	GlobalSection(NestedProjects) = preSolution
		{C8AE0FA2-7D66-42E1-88ED-ECA3637BE702} = {9DACF621-AE5B-488D-97B3-52982FB98B4C}
		{148B4640-EBA0-48A3-9396-6EC02B9F4C13} = {9DACF621-AE5B-488D-97B3-52982FB98B4C}
		{4C885B5E-568E-4610-B075-C2539BD98A2A} = {9DACF621-AE5B-488D-97B3-52982FB98B4C}
		{B7C4859D-1545-4D58-BA36-D08D2A6CE087} = {BD3F6732-89D1-486E-A9B8-E2FEF0C94102}
		{6AE14EF0-3673-45DB-911A-C142A97676DA} = {B7C4859D-1545-4D58-BA36-D08D2A6CE087}
		{0B93C208-59FC-4F8F-8F4D-C5BDD4ABBEEA} = {C8AE0FA2-7D66-42E1-88ED-ECA3637BE702}
		{CC5E7D6A-8483-4ADF-A41C-6C0DF8B76744} = {148B4640-EBA0-48A3-9396-6EC02B9F4C13}
		{2312ECB1-420D-4A62-B6FD-413AB7D6BF21} = {4C885B5E-568E-4610-B075-C2539BD98A2A}
	EndGlobalSection
EndGlobal
